
Microsoft Visual Studio Solution File, Format Version 12.00
# Visual Studio Version 17
VisualStudioVersion = 17.5.002.0
MinimumVisualStudioVersion = 10.0.40219.1
Project("{9A19103F-16F7-4668-BE54-9A1E7A4F7556}") = "Jenkins", "Jenkins.csproj", "{D2659A82-A7F9-46B3-B2D1-DD8AD72F7DA5}"
EndProject
Global
	GlobalSection(SolutionConfigurationPlatforms) = preSolution
		Debug|Any CPU = Debug|Any CPU
		Release|Any CPU = Release|Any CPU
	EndGlobalSection
	GlobalSection(ProjectConfigurationPlatforms) = postSolution
		{D2659A82-A7F9-46B3-B2D1-DD8AD72F7DA5}.Debug|Any CPU.ActiveCfg = Debug|Any CPU
		{D2659A82-A7F9-46B3-B2D1-DD8AD72F7DA5}.Debug|Any CPU.Build.0 = Debug|Any CPU
		{D2659A82-A7F9-46B3-B2D1-DD8AD72F7DA5}.Release|Any CPU.ActiveCfg = Release|Any CPU
		{D2659A82-A7F9-46B3-B2D1-DD8AD72F7DA5}.Release|Any CPU.Build.0 = Release|Any CPU
	EndGlobalSection
	GlobalSection(SolutionProperties) = preSolution
		HideSolutionNode = FALSE
	EndGlobalSection
	GlobalSection(ExtensibilityGlobals) = postSolution
		SolutionGuid = {5B285C56-E254-4168-A84A-E2767B552B5B}
	EndGlobalSection
EndGlobal
